
Microsoft Visual Studio Solution File, Format Version 12.00
# Visual Studio 2012
Project("{2150E333-8FDC-42A3-9474-1A3956D46DE8}") = "Plugins", "Plugins", "{9A816D83-FB9D-4905-8FAA-75F63C5FEFAA}"
EndProject
Project("{2150E333-8FDC-42A3-9474-1A3956D46DE8}") = "Samples", "Samples", "{9D6A6B03-1CB4-49CB-896D-428C7C3EFCB9}"
EndProject
Project("{2150E333-8FDC-42A3-9474-1A3956D46DE8}") = "AppId", "AppId", "{DDEE67CA-15CC-49A2-83A3-A93E4D0260C3}"
EndProject
Project("{FAE04EC0-301F-11D3-BF4B-00C04F79EFBC}") = "AppId.Core", "AppId\Core\AppId.Core.csproj", "{19159A7C-569A-4A2A-B4DC-A2305F384E23}"
EndProject
Project("{FAE04EC0-301F-11D3-BF4B-00C04F79EFBC}") = "AppId.Droid", "AppId\Droid\AppId.Droid.csproj", "{5BA700DE-2E22-4B05-97BA-7E9C5F2850D9}"
EndProject
Project("{FAE04EC0-301F-11D3-BF4B-00C04F79EFBC}") = "AppId.WindowsPhone", "AppId\WindowsPhone\AppId.WindowsPhone.csproj", "{64725F25-7E08-4FD3-A983-1BC463C61765}"
EndProject
Project("{2150E333-8FDC-42A3-9474-1A3956D46DE8}") = "AzureAccessControl", "AzureAccessControl", "{955885C6-5478-43CE-86B2-F103ADF2DDEA}"
EndProject
Project("{FAE04EC0-301F-11D3-BF4B-00C04F79EFBC}") = "Cheesebaron.MvxPlugins.AzureAccessControl", "AzureAccessControl\Cheesebaron.MvxPlugins.AzureAccessControl\Cheesebaron.MvxPlugins.AzureAccessControl.csproj", "{70B42C5A-7F65-45AC-AB9A-0A4225F8F337}"
EndProject
Project("{FAE04EC0-301F-11D3-BF4B-00C04F79EFBC}") = "Cheesebaron.MvxPlugins.AzureAccessControl.Droid", "AzureAccessControl\Cheesebaron.MvxPlugins.AzureAccessControl.Droid\Cheesebaron.MvxPlugins.AzureAccessControl.Droid.csproj", "{421A99FA-C25F-481F-A7F6-30670A972B8D}"
EndProject
Project("{FAE04EC0-301F-11D3-BF4B-00C04F79EFBC}") = "Cheesebaron.MvxPlugins.AzureAccessControl.WindowsPhone", "AzureAccessControl\Cheesebaron.MvxPlugins.AzureAccessControl.WindowsPhone\Cheesebaron.MvxPlugins.AzureAccessControl.WindowsPhone.csproj", "{B6778EAD-258E-475D-8D41-89216E9C3E77}"
EndProject
Project("{2150E333-8FDC-42A3-9474-1A3956D46DE8}") = "Connectivity", "Connectivity", "{44E4EB7D-3BCF-4D14-AA59-C80BC2464E96}"
EndProject
Project("{2150E333-8FDC-42A3-9474-1A3956D46DE8}") = "Settings", "Settings", "{610399F1-1B1B-41FD-A0F2-8F698472979E}"
EndProject
Project("{2150E333-8FDC-42A3-9474-1A3956D46DE8}") = "SimpleWebToken", "SimpleWebToken", "{ABD7F0B7-7D84-4EF8-9FDE-5C7D0711A694}"
EndProject
Project("{2150E333-8FDC-42A3-9474-1A3956D46DE8}") = "SMS", "SMS", "{F3D3CEE6-BF02-42CC-9856-51666505734E}"
EndProject
Global
	GlobalSection(SolutionConfigurationPlatforms) = preSolution
		Debug|Any CPU = Debug|Any CPU
		Debug|ARM = Debug|ARM
		Debug|x86 = Debug|x86
		Release|Any CPU = Release|Any CPU
		Release|ARM = Release|ARM
		Release|x86 = Release|x86
	EndGlobalSection
	GlobalSection(ProjectConfigurationPlatforms) = postSolution
		{19159A7C-569A-4A2A-B4DC-A2305F384E23}.Debug|Any CPU.ActiveCfg = Debug|Any CPU
		{19159A7C-569A-4A2A-B4DC-A2305F384E23}.Debug|Any CPU.Build.0 = Debug|Any CPU
		{19159A7C-569A-4A2A-B4DC-A2305F384E23}.Debug|ARM.ActiveCfg = Debug|Any CPU
		{19159A7C-569A-4A2A-B4DC-A2305F384E23}.Debug|x86.ActiveCfg = Debug|Any CPU
		{19159A7C-569A-4A2A-B4DC-A2305F384E23}.Release|Any CPU.ActiveCfg = Release|Any CPU
		{19159A7C-569A-4A2A-B4DC-A2305F384E23}.Release|Any CPU.Build.0 = Release|Any CPU
		{19159A7C-569A-4A2A-B4DC-A2305F384E23}.Release|ARM.ActiveCfg = Release|Any CPU
		{19159A7C-569A-4A2A-B4DC-A2305F384E23}.Release|x86.ActiveCfg = Release|Any CPU
		{5BA700DE-2E22-4B05-97BA-7E9C5F2850D9}.Debug|Any CPU.ActiveCfg = Debug|Any CPU
		{5BA700DE-2E22-4B05-97BA-7E9C5F2850D9}.Debug|Any CPU.Build.0 = Debug|Any CPU
		{5BA700DE-2E22-4B05-97BA-7E9C5F2850D9}.Debug|ARM.ActiveCfg = Debug|Any CPU
		{5BA700DE-2E22-4B05-97BA-7E9C5F2850D9}.Debug|x86.ActiveCfg = Debug|Any CPU
		{5BA700DE-2E22-4B05-97BA-7E9C5F2850D9}.Release|Any CPU.ActiveCfg = Release|Any CPU
		{5BA700DE-2E22-4B05-97BA-7E9C5F2850D9}.Release|Any CPU.Build.0 = Release|Any CPU
		{5BA700DE-2E22-4B05-97BA-7E9C5F2850D9}.Release|ARM.ActiveCfg = Release|Any CPU
		{5BA700DE-2E22-4B05-97BA-7E9C5F2850D9}.Release|x86.ActiveCfg = Release|Any CPU
		{64725F25-7E08-4FD3-A983-1BC463C61765}.Debug|Any CPU.ActiveCfg = Debug|Any CPU
		{64725F25-7E08-4FD3-A983-1BC463C61765}.Debug|Any CPU.Build.0 = Debug|Any CPU
		{64725F25-7E08-4FD3-A983-1BC463C61765}.Debug|ARM.ActiveCfg = Debug|ARM
		{64725F25-7E08-4FD3-A983-1BC463C61765}.Debug|ARM.Build.0 = Debug|ARM
		{64725F25-7E08-4FD3-A983-1BC463C61765}.Debug|x86.ActiveCfg = Debug|x86
		{64725F25-7E08-4FD3-A983-1BC463C61765}.Debug|x86.Build.0 = Debug|x86
		{64725F25-7E08-4FD3-A983-1BC463C61765}.Release|Any CPU.ActiveCfg = Release|Any CPU
		{64725F25-7E08-4FD3-A983-1BC463C61765}.Release|Any CPU.Build.0 = Release|Any CPU
		{64725F25-7E08-4FD3-A983-1BC463C61765}.Release|ARM.ActiveCfg = Release|ARM
		{64725F25-7E08-4FD3-A983-1BC463C61765}.Release|ARM.Build.0 = Release|ARM
		{64725F25-7E08-4FD3-A983-1BC463C61765}.Release|x86.ActiveCfg = Release|x86
		{64725F25-7E08-4FD3-A983-1BC463C61765}.Release|x86.Build.0 = Release|x86
		{70B42C5A-7F65-45AC-AB9A-0A4225F8F337}.Debug|Any CPU.ActiveCfg = Debug|Any CPU
		{70B42C5A-7F65-45AC-AB9A-0A4225F8F337}.Debug|Any CPU.Build.0 = Debug|Any CPU
		{70B42C5A-7F65-45AC-AB9A-0A4225F8F337}.Debug|ARM.ActiveCfg = Debug|Any CPU
		{70B42C5A-7F65-45AC-AB9A-0A4225F8F337}.Debug|x86.ActiveCfg = Debug|Any CPU
		{70B42C5A-7F65-45AC-AB9A-0A4225F8F337}.Release|Any CPU.ActiveCfg = Release|Any CPU
		{70B42C5A-7F65-45AC-AB9A-0A4225F8F337}.Release|Any CPU.Build.0 = Release|Any CPU
		{70B42C5A-7F65-45AC-AB9A-0A4225F8F337}.Release|ARM.ActiveCfg = Release|Any CPU
		{70B42C5A-7F65-45AC-AB9A-0A4225F8F337}.Release|x86.ActiveCfg = Release|Any CPU
		{421A99FA-C25F-481F-A7F6-30670A972B8D}.Debug|Any CPU.ActiveCfg = Debug|Any CPU
		{421A99FA-C25F-481F-A7F6-30670A972B8D}.Debug|Any CPU.Build.0 = Debug|Any CPU
		{421A99FA-C25F-481F-A7F6-30670A972B8D}.Debug|ARM.ActiveCfg = Debug|Any CPU
		{421A99FA-C25F-481F-A7F6-30670A972B8D}.Debug|x86.ActiveCfg = Debug|Any CPU
		{421A99FA-C25F-481F-A7F6-30670A972B8D}.Release|Any CPU.ActiveCfg = Release|Any CPU
		{421A99FA-C25F-481F-A7F6-30670A972B8D}.Release|Any CPU.Build.0 = Release|Any CPU
		{421A99FA-C25F-481F-A7F6-30670A972B8D}.Release|ARM.ActiveCfg = Release|Any CPU
		{421A99FA-C25F-481F-A7F6-30670A972B8D}.Release|x86.ActiveCfg = Release|Any CPU
		{B6778EAD-258E-475D-8D41-89216E9C3E77}.Debug|Any CPU.ActiveCfg = Debug|Any CPU
		{B6778EAD-258E-475D-8D41-89216E9C3E77}.Debug|Any CPU.Build.0 = Debug|Any CPU
		{B6778EAD-258E-475D-8D41-89216E9C3E77}.Debug|ARM.ActiveCfg = Debug|ARM
		{B6778EAD-258E-475D-8D41-89216E9C3E77}.Debug|ARM.Build.0 = Debug|ARM
		{B6778EAD-258E-475D-8D41-89216E9C3E77}.Debug|x86.ActiveCfg = Debug|x86
		{B6778EAD-258E-475D-8D41-89216E9C3E77}.Debug|x86.Build.0 = Debug|x86
		{B6778EAD-258E-475D-8D41-89216E9C3E77}.Release|Any CPU.ActiveCfg = Release|Any CPU
		{B6778EAD-258E-475D-8D41-89216E9C3E77}.Release|Any CPU.Build.0 = Release|Any CPU
		{B6778EAD-258E-475D-8D41-89216E9C3E77}.Release|ARM.ActiveCfg = Release|ARM
		{B6778EAD-258E-475D-8D41-89216E9C3E77}.Release|ARM.Build.0 = Release|ARM
		{B6778EAD-258E-475D-8D41-89216E9C3E77}.Release|x86.ActiveCfg = Release|x86
		{B6778EAD-258E-475D-8D41-89216E9C3E77}.Release|x86.Build.0 = Release|x86
	EndGlobalSection
	GlobalSection(SolutionProperties) = preSolution
		HideSolutionNode = FALSE
	EndGlobalSection
	GlobalSection(NestedProjects) = preSolution
		{DDEE67CA-15CC-49A2-83A3-A93E4D0260C3} = {9A816D83-FB9D-4905-8FAA-75F63C5FEFAA}
		{955885C6-5478-43CE-86B2-F103ADF2DDEA} = {9A816D83-FB9D-4905-8FAA-75F63C5FEFAA}
		{44E4EB7D-3BCF-4D14-AA59-C80BC2464E96} = {9A816D83-FB9D-4905-8FAA-75F63C5FEFAA}
		{610399F1-1B1B-41FD-A0F2-8F698472979E} = {9A816D83-FB9D-4905-8FAA-75F63C5FEFAA}
		{ABD7F0B7-7D84-4EF8-9FDE-5C7D0711A694} = {9A816D83-FB9D-4905-8FAA-75F63C5FEFAA}
		{F3D3CEE6-BF02-42CC-9856-51666505734E} = {9A816D83-FB9D-4905-8FAA-75F63C5FEFAA}
		{19159A7C-569A-4A2A-B4DC-A2305F384E23} = {DDEE67CA-15CC-49A2-83A3-A93E4D0260C3}
		{5BA700DE-2E22-4B05-97BA-7E9C5F2850D9} = {DDEE67CA-15CC-49A2-83A3-A93E4D0260C3}
		{64725F25-7E08-4FD3-A983-1BC463C61765} = {DDEE67CA-15CC-49A2-83A3-A93E4D0260C3}
		{70B42C5A-7F65-45AC-AB9A-0A4225F8F337} = {955885C6-5478-43CE-86B2-F103ADF2DDEA}
		{421A99FA-C25F-481F-A7F6-30670A972B8D} = {955885C6-5478-43CE-86B2-F103ADF2DDEA}
		{B6778EAD-258E-475D-8D41-89216E9C3E77} = {955885C6-5478-43CE-86B2-F103ADF2DDEA}
	EndGlobalSection
EndGlobal
