
Microsoft Visual Studio Solution File, Format Version 12.00
# Visual Studio Version 16
VisualStudioVersion = 16.0.30225.117
MinimumVisualStudioVersion = 10.0.40219.1
Project("{9A19103F-16F7-4668-BE54-9A1E7A4F7556}") = "Cheesebaron.MvxPlugins.Settings", "Settings\Cheesebaron.MvxPlugins.Settings.csproj", "{231DC527-1DC3-4FFD-B3A4-7189A4F08BAF}"
EndProject
Project("{9A19103F-16F7-4668-BE54-9A1E7A4F7556}") = "Cheesebaron.MvxPlugins.DeviceInfo", "DeviceInfo\Cheesebaron.MvxPlugins.DeviceInfo.csproj", "{8E6B2D5C-45AC-4B5C-836D-BE73DD8DC1E5}"
EndProject
Project("{9A19103F-16F7-4668-BE54-9A1E7A4F7556}") = "Cheesebaron.MvxPlugins.Connectivity", "Connectivity\Cheesebaron.MvxPlugins.Connectivity.csproj", "{548CBA21-5C7C-43A6-A502-A7302A9767F4}"
EndProject
Project("{9A19103F-16F7-4668-BE54-9A1E7A4F7556}") = "Cheesebaron.MvxPlugins.SMS", "SMS\Cheesebaron.MvxPlugins.SMS.csproj", "{82FCC018-1213-4A0C-ADE7-C999A1B79376}"
EndProject
Project("{9A19103F-16F7-4668-BE54-9A1E7A4F7556}") = "Cheesebaron.MvxPlugins.SimpleWebToken", "SimpleWebToken\Cheesebaron.MvxPlugins.SimpleWebToken.csproj", "{A2C67972-F32F-4525-B579-D192901DDE9D}"
EndProject
Project("{2150E333-8FDC-42A3-9474-1A3956D46DE8}") = "Solution items", "Solution items", "{5F564B52-DEEF-472C-B530-C38D7F3E39C4}"
	ProjectSection(SolutionItems) = preProject
		Directory.build.props = Directory.build.props
		Directory.build.targets = Directory.build.targets
		global.json = global.json
	EndProjectSection
EndProject
Project("{2150E333-8FDC-42A3-9474-1A3956D46DE8}") = "release notes", "release notes", "{373660B7-C578-457E-BEE4-8D48E2E4D310}"
	ProjectSection(SolutionItems) = preProject
		releasenotes\connectivity.md = releasenotes\connectivity.md
		releasenotes\deviceinfo.md = releasenotes\deviceinfo.md
		releasenotes\settings.md = releasenotes\settings.md
		releasenotes\simplewebtoken.md = releasenotes\simplewebtoken.md
		releasenotes\sms.md = releasenotes\sms.md
	EndProjectSection
EndProject
Global
	GlobalSection(SolutionConfigurationPlatforms) = preSolution
		Debug|Any CPU = Debug|Any CPU
		Debug|ARM = Debug|ARM
		Debug|ARM64 = Debug|ARM64
		Debug|x64 = Debug|x64
		Debug|x86 = Debug|x86
		Release|Any CPU = Release|Any CPU
		Release|ARM = Release|ARM
		Release|ARM64 = Release|ARM64
		Release|x64 = Release|x64
		Release|x86 = Release|x86
	EndGlobalSection
	GlobalSection(ProjectConfigurationPlatforms) = postSolution
		{231DC527-1DC3-4FFD-B3A4-7189A4F08BAF}.Debug|Any CPU.ActiveCfg = Debug|Any CPU
		{231DC527-1DC3-4FFD-B3A4-7189A4F08BAF}.Debug|Any CPU.Build.0 = Debug|Any CPU
		{231DC527-1DC3-4FFD-B3A4-7189A4F08BAF}.Debug|ARM.ActiveCfg = Debug|Any CPU
		{231DC527-1DC3-4FFD-B3A4-7189A4F08BAF}.Debug|ARM.Build.0 = Debug|Any CPU
		{231DC527-1DC3-4FFD-B3A4-7189A4F08BAF}.Debug|ARM64.ActiveCfg = Debug|Any CPU
		{231DC527-1DC3-4FFD-B3A4-7189A4F08BAF}.Debug|ARM64.Build.0 = Debug|Any CPU
		{231DC527-1DC3-4FFD-B3A4-7189A4F08BAF}.Debug|x64.ActiveCfg = Debug|Any CPU
		{231DC527-1DC3-4FFD-B3A4-7189A4F08BAF}.Debug|x64.Build.0 = Debug|Any CPU
		{231DC527-1DC3-4FFD-B3A4-7189A4F08BAF}.Debug|x86.ActiveCfg = Debug|Any CPU
		{231DC527-1DC3-4FFD-B3A4-7189A4F08BAF}.Debug|x86.Build.0 = Debug|Any CPU
		{231DC527-1DC3-4FFD-B3A4-7189A4F08BAF}.Release|Any CPU.ActiveCfg = Release|Any CPU
		{231DC527-1DC3-4FFD-B3A4-7189A4F08BAF}.Release|Any CPU.Build.0 = Release|Any CPU
		{231DC527-1DC3-4FFD-B3A4-7189A4F08BAF}.Release|ARM.ActiveCfg = Release|Any CPU
		{231DC527-1DC3-4FFD-B3A4-7189A4F08BAF}.Release|ARM.Build.0 = Release|Any CPU
		{231DC527-1DC3-4FFD-B3A4-7189A4F08BAF}.Release|ARM64.ActiveCfg = Release|Any CPU
		{231DC527-1DC3-4FFD-B3A4-7189A4F08BAF}.Release|ARM64.Build.0 = Release|Any CPU
		{231DC527-1DC3-4FFD-B3A4-7189A4F08BAF}.Release|x64.ActiveCfg = Release|Any CPU
		{231DC527-1DC3-4FFD-B3A4-7189A4F08BAF}.Release|x64.Build.0 = Release|Any CPU
		{231DC527-1DC3-4FFD-B3A4-7189A4F08BAF}.Release|x86.ActiveCfg = Release|Any CPU
		{231DC527-1DC3-4FFD-B3A4-7189A4F08BAF}.Release|x86.Build.0 = Release|Any CPU
		{8E6B2D5C-45AC-4B5C-836D-BE73DD8DC1E5}.Debug|Any CPU.ActiveCfg = Debug|Any CPU
		{8E6B2D5C-45AC-4B5C-836D-BE73DD8DC1E5}.Debug|Any CPU.Build.0 = Debug|Any CPU
		{8E6B2D5C-45AC-4B5C-836D-BE73DD8DC1E5}.Debug|ARM.ActiveCfg = Debug|Any CPU
		{8E6B2D5C-45AC-4B5C-836D-BE73DD8DC1E5}.Debug|ARM.Build.0 = Debug|Any CPU
		{8E6B2D5C-45AC-4B5C-836D-BE73DD8DC1E5}.Debug|ARM64.ActiveCfg = Debug|Any CPU
		{8E6B2D5C-45AC-4B5C-836D-BE73DD8DC1E5}.Debug|ARM64.Build.0 = Debug|Any CPU
		{8E6B2D5C-45AC-4B5C-836D-BE73DD8DC1E5}.Debug|x64.ActiveCfg = Debug|Any CPU
		{8E6B2D5C-45AC-4B5C-836D-BE73DD8DC1E5}.Debug|x64.Build.0 = Debug|Any CPU
		{8E6B2D5C-45AC-4B5C-836D-BE73DD8DC1E5}.Debug|x86.ActiveCfg = Debug|Any CPU
		{8E6B2D5C-45AC-4B5C-836D-BE73DD8DC1E5}.Debug|x86.Build.0 = Debug|Any CPU
		{8E6B2D5C-45AC-4B5C-836D-BE73DD8DC1E5}.Release|Any CPU.ActiveCfg = Release|Any CPU
		{8E6B2D5C-45AC-4B5C-836D-BE73DD8DC1E5}.Release|Any CPU.Build.0 = Release|Any CPU
		{8E6B2D5C-45AC-4B5C-836D-BE73DD8DC1E5}.Release|ARM.ActiveCfg = Release|Any CPU
		{8E6B2D5C-45AC-4B5C-836D-BE73DD8DC1E5}.Release|ARM.Build.0 = Release|Any CPU
		{8E6B2D5C-45AC-4B5C-836D-BE73DD8DC1E5}.Release|ARM64.ActiveCfg = Release|Any CPU
		{8E6B2D5C-45AC-4B5C-836D-BE73DD8DC1E5}.Release|ARM64.Build.0 = Release|Any CPU
		{8E6B2D5C-45AC-4B5C-836D-BE73DD8DC1E5}.Release|x64.ActiveCfg = Release|Any CPU
		{8E6B2D5C-45AC-4B5C-836D-BE73DD8DC1E5}.Release|x64.Build.0 = Release|Any CPU
		{8E6B2D5C-45AC-4B5C-836D-BE73DD8DC1E5}.Release|x86.ActiveCfg = Release|Any CPU
		{8E6B2D5C-45AC-4B5C-836D-BE73DD8DC1E5}.Release|x86.Build.0 = Release|Any CPU
		{548CBA21-5C7C-43A6-A502-A7302A9767F4}.Debug|Any CPU.ActiveCfg = Debug|Any CPU
		{548CBA21-5C7C-43A6-A502-A7302A9767F4}.Debug|Any CPU.Build.0 = Debug|Any CPU
		{548CBA21-5C7C-43A6-A502-A7302A9767F4}.Debug|ARM.ActiveCfg = Debug|Any CPU
		{548CBA21-5C7C-43A6-A502-A7302A9767F4}.Debug|ARM.Build.0 = Debug|Any CPU
		{548CBA21-5C7C-43A6-A502-A7302A9767F4}.Debug|ARM64.ActiveCfg = Debug|Any CPU
		{548CBA21-5C7C-43A6-A502-A7302A9767F4}.Debug|ARM64.Build.0 = Debug|Any CPU
		{548CBA21-5C7C-43A6-A502-A7302A9767F4}.Debug|x64.ActiveCfg = Debug|Any CPU
		{548CBA21-5C7C-43A6-A502-A7302A9767F4}.Debug|x64.Build.0 = Debug|Any CPU
		{548CBA21-5C7C-43A6-A502-A7302A9767F4}.Debug|x86.ActiveCfg = Debug|Any CPU
		{548CBA21-5C7C-43A6-A502-A7302A9767F4}.Debug|x86.Build.0 = Debug|Any CPU
		{548CBA21-5C7C-43A6-A502-A7302A9767F4}.Release|Any CPU.ActiveCfg = Release|Any CPU
		{548CBA21-5C7C-43A6-A502-A7302A9767F4}.Release|Any CPU.Build.0 = Release|Any CPU
		{548CBA21-5C7C-43A6-A502-A7302A9767F4}.Release|ARM.ActiveCfg = Release|Any CPU
		{548CBA21-5C7C-43A6-A502-A7302A9767F4}.Release|ARM.Build.0 = Release|Any CPU
		{548CBA21-5C7C-43A6-A502-A7302A9767F4}.Release|ARM64.ActiveCfg = Release|Any CPU
		{548CBA21-5C7C-43A6-A502-A7302A9767F4}.Release|ARM64.Build.0 = Release|Any CPU
		{548CBA21-5C7C-43A6-A502-A7302A9767F4}.Release|x64.ActiveCfg = Release|Any CPU
		{548CBA21-5C7C-43A6-A502-A7302A9767F4}.Release|x64.Build.0 = Release|Any CPU
		{548CBA21-5C7C-43A6-A502-A7302A9767F4}.Release|x86.ActiveCfg = Release|Any CPU
		{548CBA21-5C7C-43A6-A502-A7302A9767F4}.Release|x86.Build.0 = Release|Any CPU
		{82FCC018-1213-4A0C-ADE7-C999A1B79376}.Debug|Any CPU.ActiveCfg = Debug|Any CPU
		{82FCC018-1213-4A0C-ADE7-C999A1B79376}.Debug|Any CPU.Build.0 = Debug|Any CPU
		{82FCC018-1213-4A0C-ADE7-C999A1B79376}.Debug|ARM.ActiveCfg = Debug|Any CPU
		{82FCC018-1213-4A0C-ADE7-C999A1B79376}.Debug|ARM.Build.0 = Debug|Any CPU
		{82FCC018-1213-4A0C-ADE7-C999A1B79376}.Debug|ARM64.ActiveCfg = Debug|Any CPU
		{82FCC018-1213-4A0C-ADE7-C999A1B79376}.Debug|ARM64.Build.0 = Debug|Any CPU
		{82FCC018-1213-4A0C-ADE7-C999A1B79376}.Debug|x64.ActiveCfg = Debug|Any CPU
		{82FCC018-1213-4A0C-ADE7-C999A1B79376}.Debug|x64.Build.0 = Debug|Any CPU
		{82FCC018-1213-4A0C-ADE7-C999A1B79376}.Debug|x86.ActiveCfg = Debug|Any CPU
		{82FCC018-1213-4A0C-ADE7-C999A1B79376}.Debug|x86.Build.0 = Debug|Any CPU
		{82FCC018-1213-4A0C-ADE7-C999A1B79376}.Release|Any CPU.ActiveCfg = Release|Any CPU
		{82FCC018-1213-4A0C-ADE7-C999A1B79376}.Release|Any CPU.Build.0 = Release|Any CPU
		{82FCC018-1213-4A0C-ADE7-C999A1B79376}.Release|ARM.ActiveCfg = Release|Any CPU
		{82FCC018-1213-4A0C-ADE7-C999A1B79376}.Release|ARM.Build.0 = Release|Any CPU
		{82FCC018-1213-4A0C-ADE7-C999A1B79376}.Release|ARM64.ActiveCfg = Release|Any CPU
		{82FCC018-1213-4A0C-ADE7-C999A1B79376}.Release|ARM64.Build.0 = Release|Any CPU
		{82FCC018-1213-4A0C-ADE7-C999A1B79376}.Release|x64.ActiveCfg = Release|Any CPU
		{82FCC018-1213-4A0C-ADE7-C999A1B79376}.Release|x64.Build.0 = Release|Any CPU
		{82FCC018-1213-4A0C-ADE7-C999A1B79376}.Release|x86.ActiveCfg = Release|Any CPU
		{82FCC018-1213-4A0C-ADE7-C999A1B79376}.Release|x86.Build.0 = Release|Any CPU
		{A2C67972-F32F-4525-B579-D192901DDE9D}.Debug|Any CPU.ActiveCfg = Debug|Any CPU
		{A2C67972-F32F-4525-B579-D192901DDE9D}.Debug|Any CPU.Build.0 = Debug|Any CPU
		{A2C67972-F32F-4525-B579-D192901DDE9D}.Debug|ARM.ActiveCfg = Debug|Any CPU
		{A2C67972-F32F-4525-B579-D192901DDE9D}.Debug|ARM.Build.0 = Debug|Any CPU
		{A2C67972-F32F-4525-B579-D192901DDE9D}.Debug|ARM64.ActiveCfg = Debug|Any CPU
		{A2C67972-F32F-4525-B579-D192901DDE9D}.Debug|ARM64.Build.0 = Debug|Any CPU
		{A2C67972-F32F-4525-B579-D192901DDE9D}.Debug|x64.ActiveCfg = Debug|Any CPU
		{A2C67972-F32F-4525-B579-D192901DDE9D}.Debug|x64.Build.0 = Debug|Any CPU
		{A2C67972-F32F-4525-B579-D192901DDE9D}.Debug|x86.ActiveCfg = Debug|Any CPU
		{A2C67972-F32F-4525-B579-D192901DDE9D}.Debug|x86.Build.0 = Debug|Any CPU
		{A2C67972-F32F-4525-B579-D192901DDE9D}.Release|Any CPU.ActiveCfg = Release|Any CPU
		{A2C67972-F32F-4525-B579-D192901DDE9D}.Release|Any CPU.Build.0 = Release|Any CPU
		{A2C67972-F32F-4525-B579-D192901DDE9D}.Release|ARM.ActiveCfg = Release|Any CPU
		{A2C67972-F32F-4525-B579-D192901DDE9D}.Release|ARM.Build.0 = Release|Any CPU
		{A2C67972-F32F-4525-B579-D192901DDE9D}.Release|ARM64.ActiveCfg = Release|Any CPU
		{A2C67972-F32F-4525-B579-D192901DDE9D}.Release|ARM64.Build.0 = Release|Any CPU
		{A2C67972-F32F-4525-B579-D192901DDE9D}.Release|x64.ActiveCfg = Release|Any CPU
		{A2C67972-F32F-4525-B579-D192901DDE9D}.Release|x64.Build.0 = Release|Any CPU
		{A2C67972-F32F-4525-B579-D192901DDE9D}.Release|x86.ActiveCfg = Release|Any CPU
		{A2C67972-F32F-4525-B579-D192901DDE9D}.Release|x86.Build.0 = Release|Any CPU
	EndGlobalSection
	GlobalSection(SolutionProperties) = preSolution
		HideSolutionNode = FALSE
	EndGlobalSection
	GlobalSection(NestedProjects) = preSolution
		{373660B7-C578-457E-BEE4-8D48E2E4D310} = {5F564B52-DEEF-472C-B530-C38D7F3E39C4}
	EndGlobalSection
	GlobalSection(ExtensibilityGlobals) = postSolution
		SolutionGuid = {39AA793C-7AB3-43C9-92F9-787A8A449004}
	EndGlobalSection
EndGlobal
