
Microsoft Visual Studio Solution File, Format Version 12.00
# Visual Studio 2012
Project("{FAE04EC0-301F-11D3-BF4B-00C04F79EFBC}") = "Cheesebaron.MvxPlugins.AzureAccessControl", "AzureAccessControl\Cheesebaron.MvxPlugins.AzureAccessControl\Cheesebaron.MvxPlugins.AzureAccessControl.csproj", "{70B42C5A-7F65-45AC-AB9A-0A4225F8F337}"
EndProject
Project("{FAE04EC0-301F-11D3-BF4B-00C04F79EFBC}") = "Cheesebaron.MvxPlugins.AzureAccessControl.WP8", "AzureAccessControl\Cheesebaron.MvxPlugins.AzureAccessControl.WP8\Cheesebaron.MvxPlugins.AzureAccessControl.WP8.csproj", "{B6778EAD-258E-475D-8D41-89216E9C3E77}"
EndProject
Project("{2150E333-8FDC-42A3-9474-1A3956D46DE8}") = "AzureAccessControl", "AzureAccessControl", "{99EA762E-AF36-4ADE-BB4F-2BD3E9D4966D}"
EndProject
Project("{FAE04EC0-301F-11D3-BF4B-00C04F79EFBC}") = "Cheesebaron.MvxPlugins.AzureAccessControl.Droid", "AzureAccessControl\Cheesebaron.MvxPlugins.AzureAccessControl.Droid\Cheesebaron.MvxPlugins.AzureAccessControl.Droid.csproj", "{421A99FA-C25F-481F-A7F6-30670A972B8D}"
EndProject
Project("{FAE04EC0-301F-11D3-BF4B-00C04F79EFBC}") = "Cheesebaron.MvxPlugins.AzureAccessControl.iOS", "AzureAccessControl\Cheesebaron.MvxPlugins.AzureAccessControl.iOS\Cheesebaron.MvxPlugins.AzureAccessControl.iOS.csproj", "{0EBF0D71-7D85-45DC-90DD-B85C50B01FCE}"
EndProject
Project("{2150E333-8FDC-42A3-9474-1A3956D46DE8}") = "Samples", "Samples", "{FC5A91C0-A918-4995-8AB6-48B392001CCE}"
EndProject
Project("{FAE04EC0-301F-11D3-BF4B-00C04F79EFBC}") = "AzureAccessControl.Sample", "Samples\AzureAccessControl.Sample\AzureAccessControl.Sample.csproj", "{0E2CFED2-C94C-455B-AE17-0AEEFAE2A1C5}"
EndProject
Project("{FAE04EC0-301F-11D3-BF4B-00C04F79EFBC}") = "AzureAccessControl.Sample.Droid", "Samples\AzureAccessControl.Sample.Droid\AzureAccessControl.Sample.Droid.csproj", "{B37D798A-0D76-4DB5-BE06-4B2C938D3488}"
EndProject
Global
	GlobalSection(SolutionConfigurationPlatforms) = preSolution
		Debug|Any CPU = Debug|Any CPU
		Debug|ARM = Debug|ARM
		Debug|x86 = Debug|x86
		Release|Any CPU = Release|Any CPU
		Release|ARM = Release|ARM
		Release|x86 = Release|x86
	EndGlobalSection
	GlobalSection(ProjectConfigurationPlatforms) = postSolution
		{70B42C5A-7F65-45AC-AB9A-0A4225F8F337}.Debug|Any CPU.ActiveCfg = Debug|Any CPU
		{70B42C5A-7F65-45AC-AB9A-0A4225F8F337}.Debug|Any CPU.Build.0 = Debug|Any CPU
		{70B42C5A-7F65-45AC-AB9A-0A4225F8F337}.Debug|ARM.ActiveCfg = Debug|Any CPU
		{70B42C5A-7F65-45AC-AB9A-0A4225F8F337}.Debug|x86.ActiveCfg = Debug|Any CPU
		{70B42C5A-7F65-45AC-AB9A-0A4225F8F337}.Release|Any CPU.ActiveCfg = Release|Any CPU
		{70B42C5A-7F65-45AC-AB9A-0A4225F8F337}.Release|Any CPU.Build.0 = Release|Any CPU
		{70B42C5A-7F65-45AC-AB9A-0A4225F8F337}.Release|ARM.ActiveCfg = Release|Any CPU
		{70B42C5A-7F65-45AC-AB9A-0A4225F8F337}.Release|x86.ActiveCfg = Release|Any CPU
		{B6778EAD-258E-475D-8D41-89216E9C3E77}.Debug|Any CPU.ActiveCfg = Debug|Any CPU
		{B6778EAD-258E-475D-8D41-89216E9C3E77}.Debug|Any CPU.Build.0 = Debug|Any CPU
		{B6778EAD-258E-475D-8D41-89216E9C3E77}.Debug|ARM.ActiveCfg = Debug|ARM
		{B6778EAD-258E-475D-8D41-89216E9C3E77}.Debug|ARM.Build.0 = Debug|ARM
		{B6778EAD-258E-475D-8D41-89216E9C3E77}.Debug|x86.ActiveCfg = Debug|x86
		{B6778EAD-258E-475D-8D41-89216E9C3E77}.Debug|x86.Build.0 = Debug|x86
		{B6778EAD-258E-475D-8D41-89216E9C3E77}.Release|Any CPU.ActiveCfg = Release|Any CPU
		{B6778EAD-258E-475D-8D41-89216E9C3E77}.Release|Any CPU.Build.0 = Release|Any CPU
		{B6778EAD-258E-475D-8D41-89216E9C3E77}.Release|ARM.ActiveCfg = Release|ARM
		{B6778EAD-258E-475D-8D41-89216E9C3E77}.Release|ARM.Build.0 = Release|ARM
		{B6778EAD-258E-475D-8D41-89216E9C3E77}.Release|x86.ActiveCfg = Release|x86
		{B6778EAD-258E-475D-8D41-89216E9C3E77}.Release|x86.Build.0 = Release|x86
		{421A99FA-C25F-481F-A7F6-30670A972B8D}.Debug|Any CPU.ActiveCfg = Debug|Any CPU
		{421A99FA-C25F-481F-A7F6-30670A972B8D}.Debug|Any CPU.Build.0 = Debug|Any CPU
		{421A99FA-C25F-481F-A7F6-30670A972B8D}.Debug|ARM.ActiveCfg = Debug|Any CPU
		{421A99FA-C25F-481F-A7F6-30670A972B8D}.Debug|x86.ActiveCfg = Debug|Any CPU
		{421A99FA-C25F-481F-A7F6-30670A972B8D}.Release|Any CPU.ActiveCfg = Release|Any CPU
		{421A99FA-C25F-481F-A7F6-30670A972B8D}.Release|Any CPU.Build.0 = Release|Any CPU
		{421A99FA-C25F-481F-A7F6-30670A972B8D}.Release|ARM.ActiveCfg = Release|Any CPU
		{421A99FA-C25F-481F-A7F6-30670A972B8D}.Release|x86.ActiveCfg = Release|Any CPU
		{0EBF0D71-7D85-45DC-90DD-B85C50B01FCE}.Debug|Any CPU.ActiveCfg = Debug|Any CPU
		{0EBF0D71-7D85-45DC-90DD-B85C50B01FCE}.Debug|Any CPU.Build.0 = Debug|Any CPU
		{0EBF0D71-7D85-45DC-90DD-B85C50B01FCE}.Debug|ARM.ActiveCfg = Debug|Any CPU
		{0EBF0D71-7D85-45DC-90DD-B85C50B01FCE}.Debug|x86.ActiveCfg = Debug|Any CPU
		{0EBF0D71-7D85-45DC-90DD-B85C50B01FCE}.Release|Any CPU.ActiveCfg = Release|Any CPU
		{0EBF0D71-7D85-45DC-90DD-B85C50B01FCE}.Release|Any CPU.Build.0 = Release|Any CPU
		{0EBF0D71-7D85-45DC-90DD-B85C50B01FCE}.Release|ARM.ActiveCfg = Release|Any CPU
		{0EBF0D71-7D85-45DC-90DD-B85C50B01FCE}.Release|x86.ActiveCfg = Release|Any CPU
		{0E2CFED2-C94C-455B-AE17-0AEEFAE2A1C5}.Debug|Any CPU.ActiveCfg = Debug|Any CPU
		{0E2CFED2-C94C-455B-AE17-0AEEFAE2A1C5}.Debug|Any CPU.Build.0 = Debug|Any CPU
		{0E2CFED2-C94C-455B-AE17-0AEEFAE2A1C5}.Debug|ARM.ActiveCfg = Debug|Any CPU
		{0E2CFED2-C94C-455B-AE17-0AEEFAE2A1C5}.Debug|x86.ActiveCfg = Debug|Any CPU
		{0E2CFED2-C94C-455B-AE17-0AEEFAE2A1C5}.Release|Any CPU.ActiveCfg = Release|Any CPU
		{0E2CFED2-C94C-455B-AE17-0AEEFAE2A1C5}.Release|Any CPU.Build.0 = Release|Any CPU
		{0E2CFED2-C94C-455B-AE17-0AEEFAE2A1C5}.Release|ARM.ActiveCfg = Release|Any CPU
		{0E2CFED2-C94C-455B-AE17-0AEEFAE2A1C5}.Release|x86.ActiveCfg = Release|Any CPU
		{B37D798A-0D76-4DB5-BE06-4B2C938D3488}.Debug|Any CPU.ActiveCfg = Debug|Any CPU
		{B37D798A-0D76-4DB5-BE06-4B2C938D3488}.Debug|Any CPU.Build.0 = Debug|Any CPU
		{B37D798A-0D76-4DB5-BE06-4B2C938D3488}.Debug|Any CPU.Deploy.0 = Debug|Any CPU
		{B37D798A-0D76-4DB5-BE06-4B2C938D3488}.Debug|ARM.ActiveCfg = Debug|Any CPU
		{B37D798A-0D76-4DB5-BE06-4B2C938D3488}.Debug|x86.ActiveCfg = Debug|Any CPU
		{B37D798A-0D76-4DB5-BE06-4B2C938D3488}.Release|Any CPU.ActiveCfg = Release|Any CPU
		{B37D798A-0D76-4DB5-BE06-4B2C938D3488}.Release|Any CPU.Build.0 = Release|Any CPU
		{B37D798A-0D76-4DB5-BE06-4B2C938D3488}.Release|Any CPU.Deploy.0 = Release|Any CPU
		{B37D798A-0D76-4DB5-BE06-4B2C938D3488}.Release|ARM.ActiveCfg = Release|Any CPU
		{B37D798A-0D76-4DB5-BE06-4B2C938D3488}.Release|x86.ActiveCfg = Release|Any CPU
	EndGlobalSection
	GlobalSection(SolutionProperties) = preSolution
		HideSolutionNode = FALSE
	EndGlobalSection
	GlobalSection(NestedProjects) = preSolution
		{B6778EAD-258E-475D-8D41-89216E9C3E77} = {99EA762E-AF36-4ADE-BB4F-2BD3E9D4966D}
		{70B42C5A-7F65-45AC-AB9A-0A4225F8F337} = {99EA762E-AF36-4ADE-BB4F-2BD3E9D4966D}
		{421A99FA-C25F-481F-A7F6-30670A972B8D} = {99EA762E-AF36-4ADE-BB4F-2BD3E9D4966D}
		{0EBF0D71-7D85-45DC-90DD-B85C50B01FCE} = {99EA762E-AF36-4ADE-BB4F-2BD3E9D4966D}
		{0E2CFED2-C94C-455B-AE17-0AEEFAE2A1C5} = {FC5A91C0-A918-4995-8AB6-48B392001CCE}
		{B37D798A-0D76-4DB5-BE06-4B2C938D3488} = {FC5A91C0-A918-4995-8AB6-48B392001CCE}
	EndGlobalSection
EndGlobal
