
Microsoft Visual Studio Solution File, Format Version 12.00
# Visual Studio 2012
Project("{FAE04EC0-301F-11D3-BF4B-00C04F79EFBC}") = "Cheesebaron.MvxPlugins.AzureAccessControl", "Cheesebaron.MvxPlugins.AzureAccessControl\Cheesebaron.MvxPlugins.AzureAccessControl.csproj", "{70B42C5A-7F65-45AC-AB9A-0A4225F8F337}"
EndProject
Global
	GlobalSection(SolutionConfigurationPlatforms) = preSolution
		Debug|Any CPU = Debug|Any CPU
		Release|Any CPU = Release|Any CPU
	EndGlobalSection
	GlobalSection(ProjectConfigurationPlatforms) = postSolution
		{70B42C5A-7F65-45AC-AB9A-0A4225F8F337}.Debug|Any CPU.ActiveCfg = Debug|Any CPU
		{70B42C5A-7F65-45AC-AB9A-0A4225F8F337}.Debug|Any CPU.Build.0 = Debug|Any CPU
		{70B42C5A-7F65-45AC-AB9A-0A4225F8F337}.Release|Any CPU.ActiveCfg = Release|Any CPU
		{70B42C5A-7F65-45AC-AB9A-0A4225F8F337}.Release|Any CPU.Build.0 = Release|Any CPU
	EndGlobalSection
	GlobalSection(SolutionProperties) = preSolution
		HideSolutionNode = FALSE
	EndGlobalSection
EndGlobal
