
Microsoft Visual Studio Solution File, Format Version 12.00
# Visual Studio 15
VisualStudioVersion = 15.0.28010.2036
MinimumVisualStudioVersion = 10.0.40219.1
Project("{9A19103F-16F7-4668-BE54-9A1E7A4F7556}") = "Cheesebaron.MvxPlugins.Settings", "Settings\Cheesebaron.MvxPlugins.Settings.csproj", "{231DC527-1DC3-4FFD-B3A4-7189A4F08BAF}"
EndProject
Project("{9A19103F-16F7-4668-BE54-9A1E7A4F7556}") = "Cheesebaron.MvxPlugins.DeviceInfo", "DeviceInfo\Cheesebaron.MvxPlugins.DeviceInfo.csproj", "{8E6B2D5C-45AC-4B5C-836D-BE73DD8DC1E5}"
EndProject
Project("{9A19103F-16F7-4668-BE54-9A1E7A4F7556}") = "Cheesebaron.MvxPlugins.Connectivity", "Connectivity\Cheesebaron.MvxPlugins.Connectivity.csproj", "{548CBA21-5C7C-43A6-A502-A7302A9767F4}"
EndProject
Project("{9A19103F-16F7-4668-BE54-9A1E7A4F7556}") = "Cheesebaron.MvxPlugins.SMS", "SMS\Cheesebaron.MvxPlugins.SMS.csproj", "{82FCC018-1213-4A0C-ADE7-C999A1B79376}"
EndProject
Project("{9A19103F-16F7-4668-BE54-9A1E7A4F7556}") = "Cheesebaron.MvxPlugins.SimpleWebToken", "SimpleWebToken\Cheesebaron.MvxPlugins.SimpleWebToken.csproj", "{A2C67972-F32F-4525-B579-D192901DDE9D}"
EndProject
Global
	GlobalSection(SolutionConfigurationPlatforms) = preSolution
		Debug|Any CPU = Debug|Any CPU
		Release|Any CPU = Release|Any CPU
	EndGlobalSection
	GlobalSection(ProjectConfigurationPlatforms) = postSolution
		{231DC527-1DC3-4FFD-B3A4-7189A4F08BAF}.Debug|Any CPU.ActiveCfg = Debug|Any CPU
		{231DC527-1DC3-4FFD-B3A4-7189A4F08BAF}.Debug|Any CPU.Build.0 = Debug|Any CPU
		{231DC527-1DC3-4FFD-B3A4-7189A4F08BAF}.Release|Any CPU.ActiveCfg = Release|Any CPU
		{231DC527-1DC3-4FFD-B3A4-7189A4F08BAF}.Release|Any CPU.Build.0 = Release|Any CPU
		{8E6B2D5C-45AC-4B5C-836D-BE73DD8DC1E5}.Debug|Any CPU.ActiveCfg = Debug|Any CPU
		{8E6B2D5C-45AC-4B5C-836D-BE73DD8DC1E5}.Debug|Any CPU.Build.0 = Debug|Any CPU
		{8E6B2D5C-45AC-4B5C-836D-BE73DD8DC1E5}.Release|Any CPU.ActiveCfg = Release|Any CPU
		{8E6B2D5C-45AC-4B5C-836D-BE73DD8DC1E5}.Release|Any CPU.Build.0 = Release|Any CPU
		{548CBA21-5C7C-43A6-A502-A7302A9767F4}.Debug|Any CPU.ActiveCfg = Debug|Any CPU
		{548CBA21-5C7C-43A6-A502-A7302A9767F4}.Debug|Any CPU.Build.0 = Debug|Any CPU
		{548CBA21-5C7C-43A6-A502-A7302A9767F4}.Release|Any CPU.ActiveCfg = Release|Any CPU
		{548CBA21-5C7C-43A6-A502-A7302A9767F4}.Release|Any CPU.Build.0 = Release|Any CPU
		{82FCC018-1213-4A0C-ADE7-C999A1B79376}.Debug|Any CPU.ActiveCfg = Debug|Any CPU
		{82FCC018-1213-4A0C-ADE7-C999A1B79376}.Debug|Any CPU.Build.0 = Debug|Any CPU
		{82FCC018-1213-4A0C-ADE7-C999A1B79376}.Release|Any CPU.ActiveCfg = Release|Any CPU
		{82FCC018-1213-4A0C-ADE7-C999A1B79376}.Release|Any CPU.Build.0 = Release|Any CPU
		{A2C67972-F32F-4525-B579-D192901DDE9D}.Debug|Any CPU.ActiveCfg = Debug|Any CPU
		{A2C67972-F32F-4525-B579-D192901DDE9D}.Debug|Any CPU.Build.0 = Debug|Any CPU
		{A2C67972-F32F-4525-B579-D192901DDE9D}.Release|Any CPU.ActiveCfg = Release|Any CPU
		{A2C67972-F32F-4525-B579-D192901DDE9D}.Release|Any CPU.Build.0 = Release|Any CPU
	EndGlobalSection
	GlobalSection(SolutionProperties) = preSolution
		HideSolutionNode = FALSE
	EndGlobalSection
	GlobalSection(ExtensibilityGlobals) = postSolution
		SolutionGuid = {39AA793C-7AB3-43C9-92F9-787A8A449004}
	EndGlobalSection
EndGlobal
